
Microsoft Visual Studio Solution File, Format Version 11.00
# Visual Studio 2010
Project("{FAE04EC0-301F-11D3-BF4B-00C04F79EFBC}") = "Assembly-CSharp", "Assembly-CSharp.csproj", "{e0141976-9030-c153-fdec-36adf3bd1af9}"
EndProject
Project("{FAE04EC0-301F-11D3-BF4B-00C04F79EFBC}") = "PhotonUnityNetworking.Utilities", "PhotonUnityNetworking.Utilities.csproj", "{13dd8333-7b7a-7c90-e72d-9a36337d706f}"
EndProject
Project("{FAE04EC0-301F-11D3-BF4B-00C04F79EFBC}") = "PhotonUnityNetworking.Demos", "PhotonUnityNetworking.Demos.csproj", "{fc1744d6-5389-ff34-4080-bd5396b779d9}"
EndProject
Project("{FAE04EC0-301F-11D3-BF4B-00C04F79EFBC}") = "PhotonUnityNetworking", "PhotonUnityNetworking.csproj", "{5d76a4b2-f18d-45e6-47d1-ec04db6c66f1}"
EndProject
Project("{FAE04EC0-301F-11D3-BF4B-00C04F79EFBC}") = "PhotonChat", "PhotonChat.csproj", "{65f35e85-0e9f-50c7-87a5-2cf65f21abdd}"
EndProject
Project("{FAE04EC0-301F-11D3-BF4B-00C04F79EFBC}") = "PhotonRealtime", "PhotonRealtime.csproj", "{a54194c4-5bab-ed2e-adcc-968ddc9062de}"
EndProject
Project("{FAE04EC0-301F-11D3-BF4B-00C04F79EFBC}") = "NavMeshComponents", "NavMeshComponents.csproj", "{6d9e6047-4dd5-f2ed-66ce-fa10df541f18}"
EndProject
Project("{FAE04EC0-301F-11D3-BF4B-00C04F79EFBC}") = "PhotonUnityNetworking.Editor", "PhotonUnityNetworking.Editor.csproj", "{5e6a79b8-09a1-6d9a-cea9-870b2cc32c40}"
EndProject
Project("{FAE04EC0-301F-11D3-BF4B-00C04F79EFBC}") = "NavMeshComponentsEditor", "NavMeshComponentsEditor.csproj", "{374bdb8b-7e6a-d3e6-239d-ec3d89d76764}"
EndProject
Project("{FAE04EC0-301F-11D3-BF4B-00C04F79EFBC}") = "Assembly-CSharp-Editor", "Assembly-CSharp-Editor.csproj", "{8522aae2-e39d-7b61-731d-a7d763900aa3}"
EndProject
Project("{FAE04EC0-301F-11D3-BF4B-00C04F79EFBC}") = "PhotonUnityNetworking.Utilities.PhotonPlayer.Editor", "PhotonUnityNetworking.Utilities.PhotonPlayer.Editor.csproj", "{d07aecaa-6fe8-2a35-828f-02d9b95165ca}"
EndProject
Project("{FAE04EC0-301F-11D3-BF4B-00C04F79EFBC}") = "PunDemos.DemoSlotcarEditor", "PunDemos.DemoSlotcarEditor.csproj", "{727138c3-7659-0c7f-72cb-a528278f2c81}"
EndProject
Project("{FAE04EC0-301F-11D3-BF4B-00C04F79EFBC}") = "PhotonUnityNetworking.Utilities.Culling.Editor", "PhotonUnityNetworking.Utilities.Culling.Editor.csproj", "{7577a060-4167-2e89-7cb9-2384d779d9b7}"
EndProject
Project("{FAE04EC0-301F-11D3-BF4B-00C04F79EFBC}") = "PunDemos.DemoHubEditor", "PunDemos.DemoHubEditor.csproj", "{fb3a2600-7a58-561b-2ff9-d16773e50626}"
EndProject
Global
	GlobalSection(SolutionConfigurationPlatforms) = preSolution
		Debug|Any CPU = Debug|Any CPU
		Release|Any CPU = Release|Any CPU
	EndGlobalSection
	GlobalSection(ProjectConfigurationPlatforms) = postSolution
		{e0141976-9030-c153-fdec-36adf3bd1af9}.Debug|Any CPU.ActiveCfg = Debug|Any CPU
		{e0141976-9030-c153-fdec-36adf3bd1af9}.Debug|Any CPU.Build.0 = Debug|Any CPU
		{e0141976-9030-c153-fdec-36adf3bd1af9}.Release|Any CPU.ActiveCfg = Release|Any CPU
		{e0141976-9030-c153-fdec-36adf3bd1af9}.Release|Any CPU.Build.0 = Release|Any CPU
		{13dd8333-7b7a-7c90-e72d-9a36337d706f}.Debug|Any CPU.ActiveCfg = Debug|Any CPU
		{13dd8333-7b7a-7c90-e72d-9a36337d706f}.Debug|Any CPU.Build.0 = Debug|Any CPU
		{13dd8333-7b7a-7c90-e72d-9a36337d706f}.Release|Any CPU.ActiveCfg = Release|Any CPU
		{13dd8333-7b7a-7c90-e72d-9a36337d706f}.Release|Any CPU.Build.0 = Release|Any CPU
		{fc1744d6-5389-ff34-4080-bd5396b779d9}.Debug|Any CPU.ActiveCfg = Debug|Any CPU
		{fc1744d6-5389-ff34-4080-bd5396b779d9}.Debug|Any CPU.Build.0 = Debug|Any CPU
		{fc1744d6-5389-ff34-4080-bd5396b779d9}.Release|Any CPU.ActiveCfg = Release|Any CPU
		{fc1744d6-5389-ff34-4080-bd5396b779d9}.Release|Any CPU.Build.0 = Release|Any CPU
		{5d76a4b2-f18d-45e6-47d1-ec04db6c66f1}.Debug|Any CPU.ActiveCfg = Debug|Any CPU
		{5d76a4b2-f18d-45e6-47d1-ec04db6c66f1}.Debug|Any CPU.Build.0 = Debug|Any CPU
		{5d76a4b2-f18d-45e6-47d1-ec04db6c66f1}.Release|Any CPU.ActiveCfg = Release|Any CPU
		{5d76a4b2-f18d-45e6-47d1-ec04db6c66f1}.Release|Any CPU.Build.0 = Release|Any CPU
		{65f35e85-0e9f-50c7-87a5-2cf65f21abdd}.Debug|Any CPU.ActiveCfg = Debug|Any CPU
		{65f35e85-0e9f-50c7-87a5-2cf65f21abdd}.Debug|Any CPU.Build.0 = Debug|Any CPU
		{65f35e85-0e9f-50c7-87a5-2cf65f21abdd}.Release|Any CPU.ActiveCfg = Release|Any CPU
		{65f35e85-0e9f-50c7-87a5-2cf65f21abdd}.Release|Any CPU.Build.0 = Release|Any CPU
		{a54194c4-5bab-ed2e-adcc-968ddc9062de}.Debug|Any CPU.ActiveCfg = Debug|Any CPU
		{a54194c4-5bab-ed2e-adcc-968ddc9062de}.Debug|Any CPU.Build.0 = Debug|Any CPU
		{a54194c4-5bab-ed2e-adcc-968ddc9062de}.Release|Any CPU.ActiveCfg = Release|Any CPU
		{a54194c4-5bab-ed2e-adcc-968ddc9062de}.Release|Any CPU.Build.0 = Release|Any CPU
		{6d9e6047-4dd5-f2ed-66ce-fa10df541f18}.Debug|Any CPU.ActiveCfg = Debug|Any CPU
		{6d9e6047-4dd5-f2ed-66ce-fa10df541f18}.Debug|Any CPU.Build.0 = Debug|Any CPU
		{6d9e6047-4dd5-f2ed-66ce-fa10df541f18}.Release|Any CPU.ActiveCfg = Release|Any CPU
		{6d9e6047-4dd5-f2ed-66ce-fa10df541f18}.Release|Any CPU.Build.0 = Release|Any CPU
		{5e6a79b8-09a1-6d9a-cea9-870b2cc32c40}.Debug|Any CPU.ActiveCfg = Debug|Any CPU
		{5e6a79b8-09a1-6d9a-cea9-870b2cc32c40}.Debug|Any CPU.Build.0 = Debug|Any CPU
		{5e6a79b8-09a1-6d9a-cea9-870b2cc32c40}.Release|Any CPU.ActiveCfg = Release|Any CPU
		{5e6a79b8-09a1-6d9a-cea9-870b2cc32c40}.Release|Any CPU.Build.0 = Release|Any CPU
		{374bdb8b-7e6a-d3e6-239d-ec3d89d76764}.Debug|Any CPU.ActiveCfg = Debug|Any CPU
		{374bdb8b-7e6a-d3e6-239d-ec3d89d76764}.Debug|Any CPU.Build.0 = Debug|Any CPU
		{374bdb8b-7e6a-d3e6-239d-ec3d89d76764}.Release|Any CPU.ActiveCfg = Release|Any CPU
		{374bdb8b-7e6a-d3e6-239d-ec3d89d76764}.Release|Any CPU.Build.0 = Release|Any CPU
		{8522aae2-e39d-7b61-731d-a7d763900aa3}.Debug|Any CPU.ActiveCfg = Debug|Any CPU
		{8522aae2-e39d-7b61-731d-a7d763900aa3}.Debug|Any CPU.Build.0 = Debug|Any CPU
		{8522aae2-e39d-7b61-731d-a7d763900aa3}.Release|Any CPU.ActiveCfg = Release|Any CPU
		{8522aae2-e39d-7b61-731d-a7d763900aa3}.Release|Any CPU.Build.0 = Release|Any CPU
		{d07aecaa-6fe8-2a35-828f-02d9b95165ca}.Debug|Any CPU.ActiveCfg = Debug|Any CPU
		{d07aecaa-6fe8-2a35-828f-02d9b95165ca}.Debug|Any CPU.Build.0 = Debug|Any CPU
		{d07aecaa-6fe8-2a35-828f-02d9b95165ca}.Release|Any CPU.ActiveCfg = Release|Any CPU
		{d07aecaa-6fe8-2a35-828f-02d9b95165ca}.Release|Any CPU.Build.0 = Release|Any CPU
		{727138c3-7659-0c7f-72cb-a528278f2c81}.Debug|Any CPU.ActiveCfg = Debug|Any CPU
		{727138c3-7659-0c7f-72cb-a528278f2c81}.Debug|Any CPU.Build.0 = Debug|Any CPU
		{727138c3-7659-0c7f-72cb-a528278f2c81}.Release|Any CPU.ActiveCfg = Release|Any CPU
		{727138c3-7659-0c7f-72cb-a528278f2c81}.Release|Any CPU.Build.0 = Release|Any CPU
		{7577a060-4167-2e89-7cb9-2384d779d9b7}.Debug|Any CPU.ActiveCfg = Debug|Any CPU
		{7577a060-4167-2e89-7cb9-2384d779d9b7}.Debug|Any CPU.Build.0 = Debug|Any CPU
		{7577a060-4167-2e89-7cb9-2384d779d9b7}.Release|Any CPU.ActiveCfg = Release|Any CPU
		{7577a060-4167-2e89-7cb9-2384d779d9b7}.Release|Any CPU.Build.0 = Release|Any CPU
		{fb3a2600-7a58-561b-2ff9-d16773e50626}.Debug|Any CPU.ActiveCfg = Debug|Any CPU
		{fb3a2600-7a58-561b-2ff9-d16773e50626}.Debug|Any CPU.Build.0 = Debug|Any CPU
		{fb3a2600-7a58-561b-2ff9-d16773e50626}.Release|Any CPU.ActiveCfg = Release|Any CPU
		{fb3a2600-7a58-561b-2ff9-d16773e50626}.Release|Any CPU.Build.0 = Release|Any CPU
	EndGlobalSection
	GlobalSection(SolutionProperties) = preSolution
		HideSolutionNode = FALSE
	EndGlobalSection
EndGlobal
